{
  "object": {
    "pins": [
      {
        "package": "UserDataValidation",
        "repositoryURL": "https://github.com/oconnelltoby/UserDataValidation.git",
        "state": {
          "branch": "master",
          "revision": "029c7aa5d18bfad330fad6499b13d755d3157c60",
          "version": null
        }
      }
    ]
  },
  "version": 1
}
