{
  "object": {
    "pins": [
      {
        "package": "UserDataValidation",
        "repositoryURL": "https://github.com/oconnelltoby/UserDataValidation.git",
        "state": {
          "branch": "master",
          "revision": "426e51d02d8e7e6bdafe51710fceecdeb676a06a",
          "version": null
        }
      }
    ]
  },
  "version": 1
}
