{
  "object": {
    "pins": [
      {
        "package": "UserDataValidation",
        "repositoryURL": "https://github.com/oconnelltoby/UserDataValidation.git",
        "state": {
          "branch": "master",
          "revision": "c0bdaf124127d2c92dc6f338d1ed6524d0118703",
          "version": null
        }
      }
    ]
  },
  "version": 1
}
