// !$*UTF8*$!
{
	archiveVersion = 1;
	classes = {
	};
	objectVersion = 52;
	objects = {

/* Begin PBXBuildFile section */
		DD11E168263EABE500911614 /* LastNameScreenModel.swift in Sources */ = {isa = PBXBuildFile; fileRef = DD11E167263EABE500911614 /* LastNameScreenModel.swift */; };
		DD11E176263EAC4300911614 /* LastNameScreenTests.swift in Sources */ = {isa = PBXBuildFile; fileRef = DD11E175263EAC4300911614 /* LastNameScreenTests.swift */; };
		F10A73672635BFE700C8B834 /* TestSupport in Frameworks */ = {isa = PBXBuildFile; productRef = F10A73662635BFE700C8B834 /* TestSupport */; };
		F10A73752635C5D800C8B834 /* XCUIElement.swift in Sources */ = {isa = PBXBuildFile; fileRef = F10A73742635C5D800C8B834 /* XCUIElement.swift */; };
		F149459526108D0B00F67667 /* SceneDelegate.swift in Sources */ = {isa = PBXBuildFile; fileRef = F149459426108D0B00F67667 /* SceneDelegate.swift */; };
		F149459A26108D1000F67667 /* SceneDelegate.swift in Sources */ = {isa = PBXBuildFile; fileRef = F149458E26108D0300F67667 /* SceneDelegate.swift */; };
		F157B6AB2611325200B9C3C3 /* Colors.xcassets in Resources */ = {isa = PBXBuildFile; fileRef = F157B6AA2611325200B9C3C3 /* Colors.xcassets */; };
		F157B6AC2611325F00B9C3C3 /* Colors.xcassets in Resources */ = {isa = PBXBuildFile; fileRef = F157B6AA2611325200B9C3C3 /* Colors.xcassets */; };
		F1A5BC29260F8EF0001EB451 /* AppDelegate.swift in Sources */ = {isa = PBXBuildFile; fileRef = F1FE1A0D260F2EEE00FA249E /* AppDelegate.swift */; };
		F1A5BC2F260F8EF0001EB451 /* LaunchScreen.storyboard in Resources */ = {isa = PBXBuildFile; fileRef = F1FE1A18260F2EEE00FA249E /* LaunchScreen.storyboard */; };
		F1A5BC30260F8EF0001EB451 /* Assets.xcassets in Resources */ = {isa = PBXBuildFile; fileRef = F1FE1A16260F2EEE00FA249E /* Assets.xcassets */; };
		F1A5BC52260F9033001EB451 /* AppIcon.xcassets in Resources */ = {isa = PBXBuildFile; fileRef = F1A5BC4D260F8F87001EB451 /* AppIcon.xcassets */; };
		F1B50D8C2635800900F800BF /* FirstNameScreenTests.swift in Sources */ = {isa = PBXBuildFile; fileRef = F1B50D8B2635800900F800BF /* FirstNameScreenTests.swift */; };
		F1B50D972635809300F800BF /* FirstNameScreenModel.swift in Sources */ = {isa = PBXBuildFile; fileRef = F1B50D962635809300F800BF /* FirstNameScreenModel.swift */; };
		F1B50DA1263580DE00F800BF /* XCUIElementQuery.swift in Sources */ = {isa = PBXBuildFile; fileRef = F1B50DA0263580DE00F800BF /* XCUIElementQuery.swift */; };
		F1C70C732621F74C001458D5 /* TextFieldTests.swift in Sources */ = {isa = PBXBuildFile; fileRef = F1C70C722621F74C001458D5 /* TextFieldTests.swift */; };
		F1C70C792621F7A1001458D5 /* TextFieldModel.swift in Sources */ = {isa = PBXBuildFile; fileRef = F1C70C782621F7A1001458D5 /* TextFieldModel.swift */; };
		F1D902B7260F9320007D4906 /* Scenarios in Frameworks */ = {isa = PBXBuildFile; productRef = F1D902B6260F9320007D4906 /* Scenarios */; };
		F1E871C32618693B000F89A0 /* Scenarios in Frameworks */ = {isa = PBXBuildFile; productRef = F1E871C22618693B000F89A0 /* Scenarios */; };
		F1E871F126186AC9000F89A0 /* XCTestCase.swift in Sources */ = {isa = PBXBuildFile; fileRef = F1E871EC26186AC9000F89A0 /* XCTestCase.swift */; };
		F1E871F226186AC9000F89A0 /* ButtonModel.swift in Sources */ = {isa = PBXBuildFile; fileRef = F1E871EE26186AC9000F89A0 /* ButtonModel.swift */; };
		F1E871F326186AC9000F89A0 /* ButtonTests.swift in Sources */ = {isa = PBXBuildFile; fileRef = F1E871F026186AC9000F89A0 /* ButtonTests.swift */; };
		F1FE1A0E260F2EEE00FA249E /* AppDelegate.swift in Sources */ = {isa = PBXBuildFile; fileRef = F1FE1A0D260F2EEE00FA249E /* AppDelegate.swift */; };
		F1FE1A17260F2EEE00FA249E /* Assets.xcassets in Resources */ = {isa = PBXBuildFile; fileRef = F1FE1A16260F2EEE00FA249E /* Assets.xcassets */; };
		F1FE1A1A260F2EEE00FA249E /* LaunchScreen.storyboard in Resources */ = {isa = PBXBuildFile; fileRef = F1FE1A18260F2EEE00FA249E /* LaunchScreen.storyboard */; };
		F1FE1A25260F2EEF00FA249E /* UserDataCollectionTests.swift in Sources */ = {isa = PBXBuildFile; fileRef = F1FE1A24260F2EEF00FA249E /* UserDataCollectionTests.swift */; };
		F1FE1A54260F41CE00FA249E /* Integration in Frameworks */ = {isa = PBXBuildFile; productRef = F1FE1A53260F41CE00FA249E /* Integration */; };
		F1FE1A63260F4C3D00FA249E /* AppIcon.xcassets in Resources */ = {isa = PBXBuildFile; fileRef = F1FE1A5F260F44F800FA249E /* AppIcon.xcassets */; };
/* End PBXBuildFile section */

/* Begin PBXContainerItemProxy section */
		F1E871C026186937000F89A0 /* PBXContainerItemProxy */ = {
			isa = PBXContainerItemProxy;
			containerPortal = F1FE1A02260F2EEE00FA249E /* Project object */;
			proxyType = 1;
			remoteGlobalIDString = F1A5BC25260F8EF0001EB451;
			remoteInfo = UserDataCollectionInternal;
		};
		F1FE1A21260F2EEF00FA249E /* PBXContainerItemProxy */ = {
			isa = PBXContainerItemProxy;
			containerPortal = F1FE1A02260F2EEE00FA249E /* Project object */;
			proxyType = 1;
			remoteGlobalIDString = F1FE1A09260F2EEE00FA249E;
			remoteInfo = UserDataCollection;
		};
/* End PBXContainerItemProxy section */

/* Begin PBXFileReference section */
		DD11E167263EABE500911614 /* LastNameScreenModel.swift */ = {isa = PBXFileReference; lastKnownFileType = sourcecode.swift; path = LastNameScreenModel.swift; sourceTree = "<group>"; };
		DD11E175263EAC4300911614 /* LastNameScreenTests.swift */ = {isa = PBXFileReference; lastKnownFileType = sourcecode.swift; path = LastNameScreenTests.swift; sourceTree = "<group>"; };
		F101CA4D261D0C5000D9EB3A /* UnitTests.xctestplan */ = {isa = PBXFileReference; lastKnownFileType = text; path = UnitTests.xctestplan; sourceTree = "<group>"; };
		F101CA52261D0D2C00D9EB3A /* AllTests.xctestplan */ = {isa = PBXFileReference; lastKnownFileType = text; path = AllTests.xctestplan; sourceTree = "<group>"; };
		F10A73742635C5D800C8B834 /* XCUIElement.swift */ = {isa = PBXFileReference; lastKnownFileType = sourcecode.swift; path = XCUIElement.swift; sourceTree = "<group>"; };
		F1404FB1261B764A0067D241 /* UITests.xctestplan */ = {isa = PBXFileReference; lastKnownFileType = text; path = UITests.xctestplan; sourceTree = "<group>"; };
		F149458E26108D0300F67667 /* SceneDelegate.swift */ = {isa = PBXFileReference; lastKnownFileType = sourcecode.swift; path = SceneDelegate.swift; sourceTree = "<group>"; };
		F149459426108D0B00F67667 /* SceneDelegate.swift */ = {isa = PBXFileReference; lastKnownFileType = sourcecode.swift; path = SceneDelegate.swift; sourceTree = "<group>"; };
		F157B6AA2611325200B9C3C3 /* Colors.xcassets */ = {isa = PBXFileReference; lastKnownFileType = folder.assetcatalog; path = Colors.xcassets; sourceTree = "<group>"; };
		F1A5BBCC260F7574001EB451 /* Debug.xcconfig */ = {isa = PBXFileReference; lastKnownFileType = text.xcconfig; path = Debug.xcconfig; sourceTree = "<group>"; };
		F1A5BBCD260F7596001EB451 /* Release.xcconfig */ = {isa = PBXFileReference; lastKnownFileType = text.xcconfig; path = Release.xcconfig; sourceTree = "<group>"; };
		F1A5BBCF260F75EF001EB451 /* Test.xcconfig */ = {isa = PBXFileReference; lastKnownFileType = text.xcconfig; path = Test.xcconfig; sourceTree = "<group>"; };
		F1A5BBD0260F7601001EB451 /* UITest.xcconfig */ = {isa = PBXFileReference; lastKnownFileType = text.xcconfig; path = UITest.xcconfig; sourceTree = "<group>"; };
		F1A5BBD1260F7629001EB451 /* App.xcconfig */ = {isa = PBXFileReference; lastKnownFileType = text.xcconfig; path = App.xcconfig; sourceTree = "<group>"; };
		F1A5BBD2260F76F6001EB451 /* UserDataCollection.xcconfig */ = {isa = PBXFileReference; lastKnownFileType = text.xcconfig; path = UserDataCollection.xcconfig; sourceTree = "<group>"; };
		F1A5BBDD260F790C001EB451 /* UserDataCollectionInternal.xcconfig */ = {isa = PBXFileReference; lastKnownFileType = text.xcconfig; path = UserDataCollectionInternal.xcconfig; sourceTree = "<group>"; };
		F1A5BBF0260F7A2F001EB451 /* UserDataCollectionTests.xcconfig */ = {isa = PBXFileReference; lastKnownFileType = text.xcconfig; path = UserDataCollectionTests.xcconfig; sourceTree = "<group>"; };
		F1A5BBFD260F8B91001EB451 /* Version.xcconfig */ = {isa = PBXFileReference; lastKnownFileType = text.xcconfig; path = Version.xcconfig; sourceTree = "<group>"; };
		F1A5BBFE260F8B91001EB451 /* Project.xcconfig */ = {isa = PBXFileReference; lastKnownFileType = text.xcconfig; path = Project.xcconfig; sourceTree = "<group>"; };
		F1A5BC00260F8C81001EB451 /* UserDataCollectionUITests.xcconfig */ = {isa = PBXFileReference; lastKnownFileType = text.xcconfig; path = UserDataCollectionUITests.xcconfig; sourceTree = "<group>"; };
		F1A5BC34260F8EF0001EB451 /* UserDataCollectionInternal.app */ = {isa = PBXFileReference; explicitFileType = wrapper.application; includeInIndex = 0; path = UserDataCollectionInternal.app; sourceTree = BUILT_PRODUCTS_DIR; };
		F1A5BC4D260F8F87001EB451 /* AppIcon.xcassets */ = {isa = PBXFileReference; lastKnownFileType = folder.assetcatalog; path = AppIcon.xcassets; sourceTree = "<group>"; };
		F1B50D8B2635800900F800BF /* FirstNameScreenTests.swift */ = {isa = PBXFileReference; lastKnownFileType = sourcecode.swift; path = FirstNameScreenTests.swift; sourceTree = "<group>"; };
		F1B50D962635809300F800BF /* FirstNameScreenModel.swift */ = {isa = PBXFileReference; lastKnownFileType = sourcecode.swift; path = FirstNameScreenModel.swift; sourceTree = "<group>"; };
		F1B50DA0263580DE00F800BF /* XCUIElementQuery.swift */ = {isa = PBXFileReference; lastKnownFileType = sourcecode.swift; path = XCUIElementQuery.swift; sourceTree = "<group>"; };
		F1C70C722621F74C001458D5 /* TextFieldTests.swift */ = {isa = PBXFileReference; lastKnownFileType = sourcecode.swift; path = TextFieldTests.swift; sourceTree = "<group>"; };
		F1C70C782621F7A1001458D5 /* TextFieldModel.swift */ = {isa = PBXFileReference; lastKnownFileType = sourcecode.swift; path = TextFieldModel.swift; sourceTree = "<group>"; };
		F1E0E51D2619AC3B009FEA2E /* CLI */ = {isa = PBXFileReference; lastKnownFileType = folder; path = CLI; sourceTree = "<group>"; };
		F1E871EC26186AC9000F89A0 /* XCTestCase.swift */ = {isa = PBXFileReference; fileEncoding = 4; lastKnownFileType = sourcecode.swift; path = XCTestCase.swift; sourceTree = "<group>"; };
		F1E871EE26186AC9000F89A0 /* ButtonModel.swift */ = {isa = PBXFileReference; fileEncoding = 4; lastKnownFileType = sourcecode.swift; path = ButtonModel.swift; sourceTree = "<group>"; };
		F1E871F026186AC9000F89A0 /* ButtonTests.swift */ = {isa = PBXFileReference; fileEncoding = 4; lastKnownFileType = sourcecode.swift; path = ButtonTests.swift; sourceTree = "<group>"; };
		F1FE1A0A260F2EEE00FA249E /* UserDataCollection.app */ = {isa = PBXFileReference; explicitFileType = wrapper.application; includeInIndex = 0; path = UserDataCollection.app; sourceTree = BUILT_PRODUCTS_DIR; };
		F1FE1A0D260F2EEE00FA249E /* AppDelegate.swift */ = {isa = PBXFileReference; lastKnownFileType = sourcecode.swift; path = AppDelegate.swift; sourceTree = "<group>"; };
		F1FE1A16260F2EEE00FA249E /* Assets.xcassets */ = {isa = PBXFileReference; lastKnownFileType = folder.assetcatalog; path = Assets.xcassets; sourceTree = "<group>"; };
		F1FE1A19260F2EEE00FA249E /* Base */ = {isa = PBXFileReference; lastKnownFileType = file.storyboard; name = Base; path = Base.lproj/LaunchScreen.storyboard; sourceTree = "<group>"; };
		F1FE1A1B260F2EEE00FA249E /* Info.plist */ = {isa = PBXFileReference; lastKnownFileType = text.plist.xml; path = Info.plist; sourceTree = "<group>"; };
		F1FE1A20260F2EEF00FA249E /* UserDataCollectionTests.xctest */ = {isa = PBXFileReference; explicitFileType = wrapper.cfbundle; includeInIndex = 0; path = UserDataCollectionTests.xctest; sourceTree = BUILT_PRODUCTS_DIR; };
		F1FE1A24260F2EEF00FA249E /* UserDataCollectionTests.swift */ = {isa = PBXFileReference; lastKnownFileType = sourcecode.swift; path = UserDataCollectionTests.swift; sourceTree = "<group>"; };
		F1FE1A26260F2EEF00FA249E /* Info.plist */ = {isa = PBXFileReference; lastKnownFileType = text.plist.xml; path = Info.plist; sourceTree = "<group>"; };
		F1FE1A2B260F2EEF00FA249E /* UserDataCollectionUITests.xctest */ = {isa = PBXFileReference; explicitFileType = wrapper.cfbundle; includeInIndex = 0; path = UserDataCollectionUITests.xctest; sourceTree = BUILT_PRODUCTS_DIR; };
		F1FE1A31260F2EEF00FA249E /* Info.plist */ = {isa = PBXFileReference; lastKnownFileType = text.plist.xml; path = Info.plist; sourceTree = "<group>"; };
		F1FE1A43260F3C4800FA249E /* Core */ = {isa = PBXFileReference; lastKnownFileType = text; path = Core; sourceTree = SOURCE_ROOT; };
		F1FE1A5F260F44F800FA249E /* AppIcon.xcassets */ = {isa = PBXFileReference; lastKnownFileType = folder.assetcatalog; path = AppIcon.xcassets; sourceTree = "<group>"; };
/* End PBXFileReference section */

/* Begin PBXFrameworksBuildPhase section */
		F1A5BC2B260F8EF0001EB451 /* Frameworks */ = {
			isa = PBXFrameworksBuildPhase;
			buildActionMask = 2147483647;
			files = (
				F1D902B7260F9320007D4906 /* Scenarios in Frameworks */,
			);
			runOnlyForDeploymentPostprocessing = 0;
		};
		F1FE1A07260F2EEE00FA249E /* Frameworks */ = {
			isa = PBXFrameworksBuildPhase;
			buildActionMask = 2147483647;
			files = (
				F1FE1A54260F41CE00FA249E /* Integration in Frameworks */,
			);
			runOnlyForDeploymentPostprocessing = 0;
		};
		F1FE1A1D260F2EEF00FA249E /* Frameworks */ = {
			isa = PBXFrameworksBuildPhase;
			buildActionMask = 2147483647;
			files = (
			);
			runOnlyForDeploymentPostprocessing = 0;
		};
		F1FE1A28260F2EEF00FA249E /* Frameworks */ = {
			isa = PBXFrameworksBuildPhase;
			buildActionMask = 2147483647;
			files = (
				F10A73672635BFE700C8B834 /* TestSupport in Frameworks */,
				F1E871C32618693B000F89A0 /* Scenarios in Frameworks */,
			);
			runOnlyForDeploymentPostprocessing = 0;
		};
/* End PBXFrameworksBuildPhase section */

/* Begin PBXGroup section */
		F1404FB0261B76290067D241 /* TestPlans */ = {
			isa = PBXGroup;
			children = (
				F1404FB1261B764A0067D241 /* UITests.xctestplan */,
				F101CA4D261D0C5000D9EB3A /* UnitTests.xctestplan */,
				F101CA52261D0D2C00D9EB3A /* AllTests.xctestplan */,
			);
			path = TestPlans;
			sourceTree = "<group>";
		};
		F149454F261003B600F67667 /* Sources */ = {
			isa = PBXGroup;
			children = (
				F149458D26108CC500F67667 /* Internal */,
				F149458C26108CBE00F67667 /* Producation */,
				F1FE1A0D260F2EEE00FA249E /* AppDelegate.swift */,
			);
			path = Sources;
			sourceTree = "<group>";
		};
		F149458C26108CBE00F67667 /* Producation */ = {
			isa = PBXGroup;
			children = (
				F149459426108D0B00F67667 /* SceneDelegate.swift */,
			);
			path = Producation;
			sourceTree = "<group>";
		};
		F149458D26108CC500F67667 /* Internal */ = {
			isa = PBXGroup;
			children = (
				F149458E26108D0300F67667 /* SceneDelegate.swift */,
			);
			path = Internal;
			sourceTree = "<group>";
		};
		F1A5BBC2260F55F9001EB451 /* Configurations */ = {
			isa = PBXGroup;
			children = (
				F1A5BBD2260F76F6001EB451 /* UserDataCollection.xcconfig */,
				F1A5BBDD260F790C001EB451 /* UserDataCollectionInternal.xcconfig */,
				F1FE1A1B260F2EEE00FA249E /* Info.plist */,
			);
			path = Configurations;
			sourceTree = "<group>";
		};
		F1A5BBEF260F7A09001EB451 /* Configurations */ = {
			isa = PBXGroup;
			children = (
				F1FE1A26260F2EEF00FA249E /* Info.plist */,
				F1A5BBF0260F7A2F001EB451 /* UserDataCollectionTests.xcconfig */,
			);
			path = Configurations;
			sourceTree = "<group>";
		};
		F1A5BBF1260F7A5A001EB451 /* Configurations */ = {
			isa = PBXGroup;
			children = (
				F1A5BBFE260F8B91001EB451 /* Project.xcconfig */,
				F1A5BBFD260F8B91001EB451 /* Version.xcconfig */,
				F1A5BBF3260F7A82001EB451 /* Targets */,
				F1A5BBF2260F7A71001EB451 /* Configurations */,
			);
			path = Configurations;
			sourceTree = "<group>";
		};
		F1A5BBF2260F7A71001EB451 /* Configurations */ = {
			isa = PBXGroup;
			children = (
				F1A5BBCC260F7574001EB451 /* Debug.xcconfig */,
				F1A5BBCD260F7596001EB451 /* Release.xcconfig */,
			);
			path = Configurations;
			sourceTree = "<group>";
		};
		F1A5BBF3260F7A82001EB451 /* Targets */ = {
			isa = PBXGroup;
			children = (
				F1A5BBCF260F75EF001EB451 /* Test.xcconfig */,
				F1A5BBD0260F7601001EB451 /* UITest.xcconfig */,
				F1A5BBD1260F7629001EB451 /* App.xcconfig */,
			);
			path = Targets;
			sourceTree = "<group>";
		};
		F1A5BBFF260F8C48001EB451 /* Configurations */ = {
			isa = PBXGroup;
			children = (
				F1FE1A31260F2EEF00FA249E /* Info.plist */,
				F1A5BC00260F8C81001EB451 /* UserDataCollectionUITests.xcconfig */,
			);
			path = Configurations;
			sourceTree = "<group>";
		};
		F1A5BC3B260F8F67001EB451 /* Internal */ = {
			isa = PBXGroup;
			children = (
				F1A5BC4D260F8F87001EB451 /* AppIcon.xcassets */,
			);
			path = Internal;
			sourceTree = "<group>";
		};
		F1A5BC3D260F8F67001EB451 /* Production */ = {
			isa = PBXGroup;
			children = (
				F1FE1A5F260F44F800FA249E /* AppIcon.xcassets */,
			);
			path = Production;
			sourceTree = "<group>";
		};
		F1B50D8A26357FF400F800BF /* ScreenTests */ = {
			isa = PBXGroup;
			children = (
				DD11E175263EAC4300911614 /* LastNameScreenTests.swift */,
				F1B50D8B2635800900F800BF /* FirstNameScreenTests.swift */,
			);
			path = ScreenTests;
			sourceTree = "<group>";
		};
		F1B50D952635808100F800BF /* ScreenModels */ = {
			isa = PBXGroup;
			children = (
				DD11E167263EABE500911614 /* LastNameScreenModel.swift */,
				F1B50D962635809300F800BF /* FirstNameScreenModel.swift */,
			);
			path = ScreenModels;
			sourceTree = "<group>";
		};
		F1E871ED26186AC9000F89A0 /* ComponentModels */ = {
			isa = PBXGroup;
			children = (
				F1E871EE26186AC9000F89A0 /* ButtonModel.swift */,
				F1C70C782621F7A1001458D5 /* TextFieldModel.swift */,
			);
			path = ComponentModels;
			sourceTree = "<group>";
		};
		F1E871EF26186AC9000F89A0 /* ComponentTests */ = {
			isa = PBXGroup;
			children = (
				F1E871F026186AC9000F89A0 /* ButtonTests.swift */,
				F1C70C722621F74C001458D5 /* TextFieldTests.swift */,
			);
			path = ComponentTests;
			sourceTree = "<group>";
		};
		F1E8720C2618F234000F89A0 /* Helper */ = {
			isa = PBXGroup;
			children = (
				F1E8720D2618F244000F89A0 /* Extensions */,
			);
			path = Helper;
			sourceTree = "<group>";
		};
		F1E8720D2618F244000F89A0 /* Extensions */ = {
			isa = PBXGroup;
			children = (
				F1E871EC26186AC9000F89A0 /* XCTestCase.swift */,
				F1B50DA0263580DE00F800BF /* XCUIElementQuery.swift */,
				F10A73742635C5D800C8B834 /* XCUIElement.swift */,
			);
			path = Extensions;
			sourceTree = "<group>";
		};
		F1FE1A01260F2EEE00FA249E = {
			isa = PBXGroup;
			children = (
				F1E0E51D2619AC3B009FEA2E /* CLI */,
				F1FE1A43260F3C4800FA249E /* Core */,
				F1A5BBF1260F7A5A001EB451 /* Configurations */,
				F1FE1A0C260F2EEE00FA249E /* UserDataCollection */,
				F1FE1A23260F2EEF00FA249E /* UserDataCollectionTests */,
				F1FE1A2E260F2EEF00FA249E /* UserDataCollectionUITests */,
				F1404FB0261B76290067D241 /* TestPlans */,
				F1FE1A0B260F2EEE00FA249E /* Products */,
				F1FE1A52260F41CE00FA249E /* Frameworks */,
			);
			sourceTree = "<group>";
		};
		F1FE1A0B260F2EEE00FA249E /* Products */ = {
			isa = PBXGroup;
			children = (
				F1FE1A0A260F2EEE00FA249E /* UserDataCollection.app */,
				F1FE1A20260F2EEF00FA249E /* UserDataCollectionTests.xctest */,
				F1FE1A2B260F2EEF00FA249E /* UserDataCollectionUITests.xctest */,
				F1A5BC34260F8EF0001EB451 /* UserDataCollectionInternal.app */,
			);
			name = Products;
			sourceTree = "<group>";
		};
		F1FE1A0C260F2EEE00FA249E /* UserDataCollection */ = {
			isa = PBXGroup;
			children = (
				F149454F261003B600F67667 /* Sources */,
				F1A5BBC2260F55F9001EB451 /* Configurations */,
				F1FE1A58260F442800FA249E /* Resources */,
			);
			path = UserDataCollection;
			sourceTree = "<group>";
		};
		F1FE1A23260F2EEF00FA249E /* UserDataCollectionTests */ = {
			isa = PBXGroup;
			children = (
				F1A5BBEF260F7A09001EB451 /* Configurations */,
				F1FE1A24260F2EEF00FA249E /* UserDataCollectionTests.swift */,
			);
			path = UserDataCollectionTests;
			sourceTree = "<group>";
		};
		F1FE1A2E260F2EEF00FA249E /* UserDataCollectionUITests */ = {
			isa = PBXGroup;
			children = (
				F1E8720C2618F234000F89A0 /* Helper */,
				F1E871ED26186AC9000F89A0 /* ComponentModels */,
				F1E871EF26186AC9000F89A0 /* ComponentTests */,
				F1B50D952635808100F800BF /* ScreenModels */,
				F1B50D8A26357FF400F800BF /* ScreenTests */,
				F1A5BBFF260F8C48001EB451 /* Configurations */,
			);
			path = UserDataCollectionUITests;
			sourceTree = "<group>";
		};
		F1FE1A52260F41CE00FA249E /* Frameworks */ = {
			isa = PBXGroup;
			children = (
			);
			name = Frameworks;
			sourceTree = "<group>";
		};
		F1FE1A58260F442800FA249E /* Resources */ = {
			isa = PBXGroup;
			children = (
				F1A5BC3B260F8F67001EB451 /* Internal */,
				F1A5BC3D260F8F67001EB451 /* Production */,
				F1FE1A16260F2EEE00FA249E /* Assets.xcassets */,
				F157B6AA2611325200B9C3C3 /* Colors.xcassets */,
				F1FE1A18260F2EEE00FA249E /* LaunchScreen.storyboard */,
			);
			path = Resources;
			sourceTree = "<group>";
		};
/* End PBXGroup section */

/* Begin PBXNativeTarget section */
		F1A5BC25260F8EF0001EB451 /* UserDataCollectionInternal */ = {
			isa = PBXNativeTarget;
			buildConfigurationList = F1A5BC31260F8EF0001EB451 /* Build configuration list for PBXNativeTarget "UserDataCollectionInternal" */;
			buildPhases = (
				F1A5BC27260F8EF0001EB451 /* Sources */,
				F1A5BC2B260F8EF0001EB451 /* Frameworks */,
				F1A5BC2D260F8EF0001EB451 /* Resources */,
			);
			buildRules = (
			);
			dependencies = (
			);
			name = UserDataCollectionInternal;
			packageProductDependencies = (
				F1D902B6260F9320007D4906 /* Scenarios */,
			);
			productName = UserDataCollection;
			productReference = F1A5BC34260F8EF0001EB451 /* UserDataCollectionInternal.app */;
			productType = "com.apple.product-type.application";
		};
		F1FE1A09260F2EEE00FA249E /* UserDataCollection */ = {
			isa = PBXNativeTarget;
			buildConfigurationList = F1FE1A34260F2EEF00FA249E /* Build configuration list for PBXNativeTarget "UserDataCollection" */;
			buildPhases = (
				F1FE1A06260F2EEE00FA249E /* Sources */,
				F1FE1A07260F2EEE00FA249E /* Frameworks */,
				F1FE1A08260F2EEE00FA249E /* Resources */,
			);
			buildRules = (
			);
			dependencies = (
			);
			name = UserDataCollection;
			packageProductDependencies = (
				F1FE1A53260F41CE00FA249E /* Integration */,
			);
			productName = UserDataCollection;
			productReference = F1FE1A0A260F2EEE00FA249E /* UserDataCollection.app */;
			productType = "com.apple.product-type.application";
		};
		F1FE1A1F260F2EEF00FA249E /* UserDataCollectionTests */ = {
			isa = PBXNativeTarget;
			buildConfigurationList = F1FE1A37260F2EEF00FA249E /* Build configuration list for PBXNativeTarget "UserDataCollectionTests" */;
			buildPhases = (
				F1FE1A1C260F2EEF00FA249E /* Sources */,
				F1FE1A1D260F2EEF00FA249E /* Frameworks */,
				F1FE1A1E260F2EEF00FA249E /* Resources */,
			);
			buildRules = (
			);
			dependencies = (
				F1FE1A22260F2EEF00FA249E /* PBXTargetDependency */,
			);
			name = UserDataCollectionTests;
			productName = UserDataCollectionTests;
			productReference = F1FE1A20260F2EEF00FA249E /* UserDataCollectionTests.xctest */;
			productType = "com.apple.product-type.bundle.unit-test";
		};
		F1FE1A2A260F2EEF00FA249E /* UserDataCollectionUITests */ = {
			isa = PBXNativeTarget;
			buildConfigurationList = F1FE1A3A260F2EEF00FA249E /* Build configuration list for PBXNativeTarget "UserDataCollectionUITests" */;
			buildPhases = (
				F1FE1A27260F2EEF00FA249E /* Sources */,
				F1FE1A28260F2EEF00FA249E /* Frameworks */,
				F1FE1A29260F2EEF00FA249E /* Resources */,
			);
			buildRules = (
			);
			dependencies = (
				F1E871C126186937000F89A0 /* PBXTargetDependency */,
			);
			name = UserDataCollectionUITests;
			packageProductDependencies = (
				F1E871C22618693B000F89A0 /* Scenarios */,
				F10A73662635BFE700C8B834 /* TestSupport */,
			);
			productName = UserDataCollectionUITests;
			productReference = F1FE1A2B260F2EEF00FA249E /* UserDataCollectionUITests.xctest */;
			productType = "com.apple.product-type.bundle.ui-testing";
		};
/* End PBXNativeTarget section */

/* Begin PBXProject section */
		F1FE1A02260F2EEE00FA249E /* Project object */ = {
			isa = PBXProject;
			attributes = {
				LastSwiftUpdateCheck = 1200;
				LastUpgradeCheck = 1240;
				TargetAttributes = {
					F1FE1A09260F2EEE00FA249E = {
						CreatedOnToolsVersion = 12.0.1;
					};
					F1FE1A1F260F2EEF00FA249E = {
						CreatedOnToolsVersion = 12.0.1;
						TestTargetID = F1FE1A09260F2EEE00FA249E;
					};
					F1FE1A2A260F2EEF00FA249E = {
						CreatedOnToolsVersion = 12.0.1;
						TestTargetID = F1FE1A09260F2EEE00FA249E;
					};
				};
			};
			buildConfigurationList = F1FE1A05260F2EEE00FA249E /* Build configuration list for PBXProject "UserDataCollection" */;
			compatibilityVersion = "Xcode 9.3";
			developmentRegion = en;
			hasScannedForEncodings = 0;
			knownRegions = (
				en,
				Base,
			);
			mainGroup = F1FE1A01260F2EEE00FA249E;
			productRefGroup = F1FE1A0B260F2EEE00FA249E /* Products */;
			projectDirPath = "";
			projectRoot = "";
			targets = (
				F1FE1A09260F2EEE00FA249E /* UserDataCollection */,
				F1FE1A1F260F2EEF00FA249E /* UserDataCollectionTests */,
				F1FE1A2A260F2EEF00FA249E /* UserDataCollectionUITests */,
				F1A5BC25260F8EF0001EB451 /* UserDataCollectionInternal */,
			);
		};
/* End PBXProject section */

/* Begin PBXResourcesBuildPhase section */
		F1A5BC2D260F8EF0001EB451 /* Resources */ = {
			isa = PBXResourcesBuildPhase;
			buildActionMask = 2147483647;
			files = (
				F1A5BC2F260F8EF0001EB451 /* LaunchScreen.storyboard in Resources */,
				F157B6AC2611325F00B9C3C3 /* Colors.xcassets in Resources */,
				F1A5BC52260F9033001EB451 /* AppIcon.xcassets in Resources */,
				F1A5BC30260F8EF0001EB451 /* Assets.xcassets in Resources */,
			);
			runOnlyForDeploymentPostprocessing = 0;
		};
		F1FE1A08260F2EEE00FA249E /* Resources */ = {
			isa = PBXResourcesBuildPhase;
			buildActionMask = 2147483647;
			files = (
				F1FE1A63260F4C3D00FA249E /* AppIcon.xcassets in Resources */,
				F157B6AB2611325200B9C3C3 /* Colors.xcassets in Resources */,
				F1FE1A1A260F2EEE00FA249E /* LaunchScreen.storyboard in Resources */,
				F1FE1A17260F2EEE00FA249E /* Assets.xcassets in Resources */,
			);
			runOnlyForDeploymentPostprocessing = 0;
		};
		F1FE1A1E260F2EEF00FA249E /* Resources */ = {
			isa = PBXResourcesBuildPhase;
			buildActionMask = 2147483647;
			files = (
			);
			runOnlyForDeploymentPostprocessing = 0;
		};
		F1FE1A29260F2EEF00FA249E /* Resources */ = {
			isa = PBXResourcesBuildPhase;
			buildActionMask = 2147483647;
			files = (
			);
			runOnlyForDeploymentPostprocessing = 0;
		};
/* End PBXResourcesBuildPhase section */

/* Begin PBXSourcesBuildPhase section */
		F1A5BC27260F8EF0001EB451 /* Sources */ = {
			isa = PBXSourcesBuildPhase;
			buildActionMask = 2147483647;
			files = (
				F149459A26108D1000F67667 /* SceneDelegate.swift in Sources */,
				F1A5BC29260F8EF0001EB451 /* AppDelegate.swift in Sources */,
			);
			runOnlyForDeploymentPostprocessing = 0;
		};
		F1FE1A06260F2EEE00FA249E /* Sources */ = {
			isa = PBXSourcesBuildPhase;
			buildActionMask = 2147483647;
			files = (
				F149459526108D0B00F67667 /* SceneDelegate.swift in Sources */,
				F1FE1A0E260F2EEE00FA249E /* AppDelegate.swift in Sources */,
			);
			runOnlyForDeploymentPostprocessing = 0;
		};
		F1FE1A1C260F2EEF00FA249E /* Sources */ = {
			isa = PBXSourcesBuildPhase;
			buildActionMask = 2147483647;
			files = (
				F1FE1A25260F2EEF00FA249E /* UserDataCollectionTests.swift in Sources */,
			);
			runOnlyForDeploymentPostprocessing = 0;
		};
		F1FE1A27260F2EEF00FA249E /* Sources */ = {
			isa = PBXSourcesBuildPhase;
			buildActionMask = 2147483647;
			files = (
				F1E871F226186AC9000F89A0 /* ButtonModel.swift in Sources */,
				DD11E168263EABE500911614 /* LastNameScreenModel.swift in Sources */,
				DD11E176263EAC4300911614 /* LastNameScreenTests.swift in Sources */,
				F1E871F326186AC9000F89A0 /* ButtonTests.swift in Sources */,
				F1B50DA1263580DE00F800BF /* XCUIElementQuery.swift in Sources */,
				F1E871F126186AC9000F89A0 /* XCTestCase.swift in Sources */,
				F1B50D8C2635800900F800BF /* FirstNameScreenTests.swift in Sources */,
				F1B50D972635809300F800BF /* FirstNameScreenModel.swift in Sources */,
				F1C70C792621F7A1001458D5 /* TextFieldModel.swift in Sources */,
				F10A73752635C5D800C8B834 /* XCUIElement.swift in Sources */,
				F1C70C732621F74C001458D5 /* TextFieldTests.swift in Sources */,
			);
			runOnlyForDeploymentPostprocessing = 0;
		};
/* End PBXSourcesBuildPhase section */

/* Begin PBXTargetDependency section */
		F1E871C126186937000F89A0 /* PBXTargetDependency */ = {
			isa = PBXTargetDependency;
			target = F1A5BC25260F8EF0001EB451 /* UserDataCollectionInternal */;
			targetProxy = F1E871C026186937000F89A0 /* PBXContainerItemProxy */;
		};
		F1FE1A22260F2EEF00FA249E /* PBXTargetDependency */ = {
			isa = PBXTargetDependency;
			target = F1FE1A09260F2EEE00FA249E /* UserDataCollection */;
			targetProxy = F1FE1A21260F2EEF00FA249E /* PBXContainerItemProxy */;
		};
/* End PBXTargetDependency section */

/* Begin PBXVariantGroup section */
		F1FE1A18260F2EEE00FA249E /* LaunchScreen.storyboard */ = {
			isa = PBXVariantGroup;
			children = (
				F1FE1A19260F2EEE00FA249E /* Base */,
			);
			name = LaunchScreen.storyboard;
			sourceTree = "<group>";
		};
/* End PBXVariantGroup section */

/* Begin XCBuildConfiguration section */
		F1A5BC32260F8EF0001EB451 /* Debug */ = {
			isa = XCBuildConfiguration;
			baseConfigurationReference = F1A5BBDD260F790C001EB451 /* UserDataCollectionInternal.xcconfig */;
			buildSettings = {
			};
			name = Debug;
		};
		F1A5BC33260F8EF0001EB451 /* Release */ = {
			isa = XCBuildConfiguration;
			baseConfigurationReference = F1A5BBDD260F790C001EB451 /* UserDataCollectionInternal.xcconfig */;
			buildSettings = {
			};
			name = Release;
		};
		F1FE1A32260F2EEF00FA249E /* Debug */ = {
			isa = XCBuildConfiguration;
			baseConfigurationReference = F1A5BBCC260F7574001EB451 /* Debug.xcconfig */;
			buildSettings = {
			};
			name = Debug;
		};
		F1FE1A33260F2EEF00FA249E /* Release */ = {
			isa = XCBuildConfiguration;
			baseConfigurationReference = F1A5BBCD260F7596001EB451 /* Release.xcconfig */;
			buildSettings = {
			};
			name = Release;
		};
		F1FE1A35260F2EEF00FA249E /* Debug */ = {
			isa = XCBuildConfiguration;
			baseConfigurationReference = F1A5BBD2260F76F6001EB451 /* UserDataCollection.xcconfig */;
			buildSettings = {
			};
			name = Debug;
		};
		F1FE1A36260F2EEF00FA249E /* Release */ = {
			isa = XCBuildConfiguration;
			baseConfigurationReference = F1A5BBD2260F76F6001EB451 /* UserDataCollection.xcconfig */;
			buildSettings = {
			};
			name = Release;
		};
		F1FE1A38260F2EEF00FA249E /* Debug */ = {
			isa = XCBuildConfiguration;
			baseConfigurationReference = F1A5BBF0260F7A2F001EB451 /* UserDataCollectionTests.xcconfig */;
			buildSettings = {
			};
			name = Debug;
		};
		F1FE1A39260F2EEF00FA249E /* Release */ = {
			isa = XCBuildConfiguration;
			baseConfigurationReference = F1A5BBF0260F7A2F001EB451 /* UserDataCollectionTests.xcconfig */;
			buildSettings = {
			};
			name = Release;
		};
		F1FE1A3B260F2EEF00FA249E /* Debug */ = {
			isa = XCBuildConfiguration;
			baseConfigurationReference = F1A5BC00260F8C81001EB451 /* UserDataCollectionUITests.xcconfig */;
			buildSettings = {
			};
			name = Debug;
		};
		F1FE1A3C260F2EEF00FA249E /* Release */ = {
			isa = XCBuildConfiguration;
			baseConfigurationReference = F1A5BC00260F8C81001EB451 /* UserDataCollectionUITests.xcconfig */;
			buildSettings = {
			};
			name = Release;
		};
/* End XCBuildConfiguration section */

/* Begin XCConfigurationList section */
		F1A5BC31260F8EF0001EB451 /* Build configuration list for PBXNativeTarget "UserDataCollectionInternal" */ = {
			isa = XCConfigurationList;
			buildConfigurations = (
				F1A5BC32260F8EF0001EB451 /* Debug */,
				F1A5BC33260F8EF0001EB451 /* Release */,
			);
			defaultConfigurationIsVisible = 0;
			defaultConfigurationName = Release;
		};
		F1FE1A05260F2EEE00FA249E /* Build configuration list for PBXProject "UserDataCollection" */ = {
			isa = XCConfigurationList;
			buildConfigurations = (
				F1FE1A32260F2EEF00FA249E /* Debug */,
				F1FE1A33260F2EEF00FA249E /* Release */,
			);
			defaultConfigurationIsVisible = 0;
			defaultConfigurationName = Release;
		};
		F1FE1A34260F2EEF00FA249E /* Build configuration list for PBXNativeTarget "UserDataCollection" */ = {
			isa = XCConfigurationList;
			buildConfigurations = (
				F1FE1A35260F2EEF00FA249E /* Debug */,
				F1FE1A36260F2EEF00FA249E /* Release */,
			);
			defaultConfigurationIsVisible = 0;
			defaultConfigurationName = Release;
		};
		F1FE1A37260F2EEF00FA249E /* Build configuration list for PBXNativeTarget "UserDataCollectionTests" */ = {
			isa = XCConfigurationList;
			buildConfigurations = (
				F1FE1A38260F2EEF00FA249E /* Debug */,
				F1FE1A39260F2EEF00FA249E /* Release */,
			);
			defaultConfigurationIsVisible = 0;
			defaultConfigurationName = Release;
		};
		F1FE1A3A260F2EEF00FA249E /* Build configuration list for PBXNativeTarget "UserDataCollectionUITests" */ = {
			isa = XCConfigurationList;
			buildConfigurations = (
				F1FE1A3B260F2EEF00FA249E /* Debug */,
				F1FE1A3C260F2EEF00FA249E /* Release */,
			);
			defaultConfigurationIsVisible = 0;
			defaultConfigurationName = Release;
		};
/* End XCConfigurationList section */

/* Begin XCSwiftPackageProductDependency section */
		F10A73662635BFE700C8B834 /* TestSupport */ = {
			isa = XCSwiftPackageProductDependency;
			productName = TestSupport;
		};
		F1D902B6260F9320007D4906 /* Scenarios */ = {
			isa = XCSwiftPackageProductDependency;
			productName = Scenarios;
		};
		F1E871C22618693B000F89A0 /* Scenarios */ = {
			isa = XCSwiftPackageProductDependency;
			productName = Scenarios;
		};
		F1FE1A53260F41CE00FA249E /* Integration */ = {
			isa = XCSwiftPackageProductDependency;
			productName = Integration;
		};
/* End XCSwiftPackageProductDependency section */
	};
	rootObject = F1FE1A02260F2EEE00FA249E /* Project object */;
}
